
Microsoft Visual Studio Solution File, Format Version 12.00
# Visual Studio Version 17
VisualStudioVersion = 17.8.34330.188
MinimumVisualStudioVersion = 10.0.40219.1
Project("{9A19103F-16F7-4668-BE54-9A1E7A4F7556}") = "BusinessObject", "BusinessObject\BusinessObject.csproj", "{23A1821D-4F19-4982-8336-8BEDFB5C70C7}"
EndProject
Project("{9A19103F-16F7-4668-BE54-9A1E7A4F7556}") = "DataAccessLayer", "DataAccessLayer\DataAccessLayer.csproj", "{48D69051-F729-491A-AA0B-246E2EEC0534}"
EndProject
Project("{9A19103F-16F7-4668-BE54-9A1E7A4F7556}") = "Repository", "Repository\Repository.csproj", "{B0FD9302-EA69-4DD9-B356-CC957CE2D341}"
EndProject
Project("{9A19103F-16F7-4668-BE54-9A1E7A4F7556}") = "Service", "Service\Service.csproj", "{8B6200AF-ACEF-41D1-B0E9-98A1D33DE448}"
EndProject
Project("{9A19103F-16F7-4668-BE54-9A1E7A4F7556}") = "Utility", "Utility\Utility.csproj", "{264069EE-9412-41ED-8136-6DE4748086D9}"
EndProject
Project("{FAE04EC0-301F-11D3-BF4B-00C04F79EFBC}") = "PetHealthCareSystemBlazorPages", "PetHealthCareSystemBlazorPages\PetHealthCareSystemBlazorPages.csproj", "{65AE4227-B2CB-43E2-B18A-7CA1FFF68836}"
EndProject
Global
	GlobalSection(SolutionConfigurationPlatforms) = preSolution
		Debug|Any CPU = Debug|Any CPU
		Release|Any CPU = Release|Any CPU
	EndGlobalSection
	GlobalSection(ProjectConfigurationPlatforms) = postSolution
		{23A1821D-4F19-4982-8336-8BEDFB5C70C7}.Debug|Any CPU.ActiveCfg = Debug|Any CPU
		{23A1821D-4F19-4982-8336-8BEDFB5C70C7}.Debug|Any CPU.Build.0 = Debug|Any CPU
		{23A1821D-4F19-4982-8336-8BEDFB5C70C7}.Release|Any CPU.ActiveCfg = Release|Any CPU
		{23A1821D-4F19-4982-8336-8BEDFB5C70C7}.Release|Any CPU.Build.0 = Release|Any CPU
		{48D69051-F729-491A-AA0B-246E2EEC0534}.Debug|Any CPU.ActiveCfg = Debug|Any CPU
		{48D69051-F729-491A-AA0B-246E2EEC0534}.Debug|Any CPU.Build.0 = Debug|Any CPU
		{48D69051-F729-491A-AA0B-246E2EEC0534}.Release|Any CPU.ActiveCfg = Release|Any CPU
		{48D69051-F729-491A-AA0B-246E2EEC0534}.Release|Any CPU.Build.0 = Release|Any CPU
		{B0FD9302-EA69-4DD9-B356-CC957CE2D341}.Debug|Any CPU.ActiveCfg = Debug|Any CPU
		{B0FD9302-EA69-4DD9-B356-CC957CE2D341}.Debug|Any CPU.Build.0 = Debug|Any CPU
		{B0FD9302-EA69-4DD9-B356-CC957CE2D341}.Release|Any CPU.ActiveCfg = Release|Any CPU
		{B0FD9302-EA69-4DD9-B356-CC957CE2D341}.Release|Any CPU.Build.0 = Release|Any CPU
		{8B6200AF-ACEF-41D1-B0E9-98A1D33DE448}.Debug|Any CPU.ActiveCfg = Debug|Any CPU
		{8B6200AF-ACEF-41D1-B0E9-98A1D33DE448}.Debug|Any CPU.Build.0 = Debug|Any CPU
		{8B6200AF-ACEF-41D1-B0E9-98A1D33DE448}.Release|Any CPU.ActiveCfg = Release|Any CPU
		{8B6200AF-ACEF-41D1-B0E9-98A1D33DE448}.Release|Any CPU.Build.0 = Release|Any CPU
		{264069EE-9412-41ED-8136-6DE4748086D9}.Debug|Any CPU.ActiveCfg = Debug|Any CPU
		{264069EE-9412-41ED-8136-6DE4748086D9}.Debug|Any CPU.Build.0 = Debug|Any CPU
		{264069EE-9412-41ED-8136-6DE4748086D9}.Release|Any CPU.ActiveCfg = Release|Any CPU
		{264069EE-9412-41ED-8136-6DE4748086D9}.Release|Any CPU.Build.0 = Release|Any CPU
		{65AE4227-B2CB-43E2-B18A-7CA1FFF68836}.Debug|Any CPU.ActiveCfg = Debug|Any CPU
		{65AE4227-B2CB-43E2-B18A-7CA1FFF68836}.Debug|Any CPU.Build.0 = Debug|Any CPU
		{65AE4227-B2CB-43E2-B18A-7CA1FFF68836}.Release|Any CPU.ActiveCfg = Release|Any CPU
		{65AE4227-B2CB-43E2-B18A-7CA1FFF68836}.Release|Any CPU.Build.0 = Release|Any CPU
	EndGlobalSection
	GlobalSection(SolutionProperties) = preSolution
		HideSolutionNode = FALSE
	EndGlobalSection
	GlobalSection(ExtensibilityGlobals) = postSolution
		SolutionGuid = {E76A4553-9304-4BE3-A6F7-640B8A4F35ED}
	EndGlobalSection
EndGlobal
